
Microsoft Visual Studio Solution File, Format Version 12.00
# Visual Studio Express 14 for Windows Desktop
VisualStudioVersion = 14.0.22823.1
MinimumVisualStudioVersion = 10.0.40219.1
Project("{8BC9CEB8-8B4A-11D0-8D11-00A0C91BC942}") = "ggconsole", "ggconsole.vcxproj", "{840D49FE-6E06-4676-A54D-A26E295DAFD9}"
EndProject
Project("{8BC9CEB8-8B4A-11D0-8D11-00A0C91BC942}") = "ggfilesystem", "ggfilesystem.vcxproj", "{7096BB09-8C6F-4114-843C-746F355123DA}"
EndProject
Project("{8BC9CEB8-8B4A-11D0-8D11-00A0C91BC942}") = "gglogger", "gglogger.vcxproj", "{70F858A3-324C-4BCC-BC9A-5527D034B35B}"
EndProject
Project("{8BC9CEB8-8B4A-11D0-8D11-00A0C91BC942}") = "ggnetwork", "ggnetwork.vcxproj", "{DCBD7FFB-2C8C-4E86-8B96-B2F86678FFD6}"
EndProject
Project("{8BC9CEB8-8B4A-11D0-8D11-00A0C91BC942}") = "test", "test.vcxproj", "{1B2790C9-A343-42DC-844B-CC67F08C9A4E}"
	ProjectSection(ProjectDependencies) = postProject
		{7096BB09-8C6F-4114-843C-746F355123DA} = {7096BB09-8C6F-4114-843C-746F355123DA}
		{70F858A3-324C-4BCC-BC9A-5527D034B35B} = {70F858A3-324C-4BCC-BC9A-5527D034B35B}
		{DCBD7FFB-2C8C-4E86-8B96-B2F86678FFD6} = {DCBD7FFB-2C8C-4E86-8B96-B2F86678FFD6}
		{840D49FE-6E06-4676-A54D-A26E295DAFD9} = {840D49FE-6E06-4676-A54D-A26E295DAFD9}
	EndProjectSection
EndProject
Global
	GlobalSection(SolutionConfigurationPlatforms) = preSolution
		Debug|Win32 = Debug|Win32
		Release|Win32 = Release|Win32
		Tools|Win32 = Tools|Win32
	EndGlobalSection
	GlobalSection(ProjectConfigurationPlatforms) = postSolution
		{840D49FE-6E06-4676-A54D-A26E295DAFD9}.Debug|Win32.ActiveCfg = Debug|Win32
		{840D49FE-6E06-4676-A54D-A26E295DAFD9}.Debug|Win32.Build.0 = Debug|Win32
		{840D49FE-6E06-4676-A54D-A26E295DAFD9}.Release|Win32.ActiveCfg = Release|Win32
		{840D49FE-6E06-4676-A54D-A26E295DAFD9}.Release|Win32.Build.0 = Release|Win32
		{840D49FE-6E06-4676-A54D-A26E295DAFD9}.Tools|Win32.ActiveCfg = Release|Win32
		{840D49FE-6E06-4676-A54D-A26E295DAFD9}.Tools|Win32.Build.0 = Release|Win32
		{7096BB09-8C6F-4114-843C-746F355123DA}.Debug|Win32.ActiveCfg = Debug|Win32
		{7096BB09-8C6F-4114-843C-746F355123DA}.Debug|Win32.Build.0 = Debug|Win32
		{7096BB09-8C6F-4114-843C-746F355123DA}.Release|Win32.ActiveCfg = Release|Win32
		{7096BB09-8C6F-4114-843C-746F355123DA}.Release|Win32.Build.0 = Release|Win32
		{7096BB09-8C6F-4114-843C-746F355123DA}.Tools|Win32.ActiveCfg = Tools|Win32
		{7096BB09-8C6F-4114-843C-746F355123DA}.Tools|Win32.Build.0 = Tools|Win32
		{70F858A3-324C-4BCC-BC9A-5527D034B35B}.Debug|Win32.ActiveCfg = Debug|Win32
		{70F858A3-324C-4BCC-BC9A-5527D034B35B}.Debug|Win32.Build.0 = Debug|Win32
		{70F858A3-324C-4BCC-BC9A-5527D034B35B}.Release|Win32.ActiveCfg = Release|Win32
		{70F858A3-324C-4BCC-BC9A-5527D034B35B}.Release|Win32.Build.0 = Release|Win32
		{70F858A3-324C-4BCC-BC9A-5527D034B35B}.Tools|Win32.ActiveCfg = Release|Win32
		{70F858A3-324C-4BCC-BC9A-5527D034B35B}.Tools|Win32.Build.0 = Release|Win32
		{DCBD7FFB-2C8C-4E86-8B96-B2F86678FFD6}.Debug|Win32.ActiveCfg = Debug|Win32
		{DCBD7FFB-2C8C-4E86-8B96-B2F86678FFD6}.Debug|Win32.Build.0 = Debug|Win32
		{DCBD7FFB-2C8C-4E86-8B96-B2F86678FFD6}.Release|Win32.ActiveCfg = Release|Win32
		{DCBD7FFB-2C8C-4E86-8B96-B2F86678FFD6}.Release|Win32.Build.0 = Release|Win32
		{DCBD7FFB-2C8C-4E86-8B96-B2F86678FFD6}.Tools|Win32.ActiveCfg = Release|Win32
		{DCBD7FFB-2C8C-4E86-8B96-B2F86678FFD6}.Tools|Win32.Build.0 = Release|Win32
		{1B2790C9-A343-42DC-844B-CC67F08C9A4E}.Debug|Win32.ActiveCfg = Debug|Win32
		{1B2790C9-A343-42DC-844B-CC67F08C9A4E}.Debug|Win32.Build.0 = Debug|Win32
		{1B2790C9-A343-42DC-844B-CC67F08C9A4E}.Release|Win32.ActiveCfg = Release|Win32
		{1B2790C9-A343-42DC-844B-CC67F08C9A4E}.Release|Win32.Build.0 = Release|Win32
		{1B2790C9-A343-42DC-844B-CC67F08C9A4E}.Tools|Win32.ActiveCfg = Release|Win32
		{1B2790C9-A343-42DC-844B-CC67F08C9A4E}.Tools|Win32.Build.0 = Release|Win32
	EndGlobalSection
	GlobalSection(SolutionProperties) = preSolution
		HideSolutionNode = FALSE
	EndGlobalSection
EndGlobal
