<?xml version="1.0" encoding="utf-8"?>
<Project ToolsVersion="4.0" xmlns="http://schemas.microsoft.com/developer/msbuild/2003">
  <ItemGroup>
    <Filter Include="Source Files">
      <UniqueIdentifier>{4FC737F1-C7A5-4376-A066-2A32D752A2FF}</UniqueIdentifier>
      <Extensions>cpp;c;cc;cxx;def;odl;idl;hpj;bat;asm;asmx</Extensions>
    </Filter>
    <Filter Include="Header Files">
      <UniqueIdentifier>{93995380-89BD-4b04-88EB-625FBE52EBFB}</UniqueIdentifier>
      <Extensions>h;hh;hpp;hxx;hm;inl;inc;xsd</Extensions>
    </Filter>
    <Filter Include="Resource Files">
      <UniqueIdentifier>{67DA6AB6-F800-4c08-8B7A-83BB121AAD01}</UniqueIdentifier>
      <Extensions>rc;ico;cur;bmp;dlg;rc2;rct;bin;rgs;gif;jpg;jpeg;jpe;resx;tiff;tif;png;wav;mfcribbon-ms</Extensions>
    </Filter>
  </ItemGroup>
  <ItemGroup>
    <ClCompile Include="main.cpp">
      <Filter>Source Files</Filter>
    </ClCompile>
    <ClCompile Include="src\Doboz\Compressor.cpp">
      <Filter>Source Files</Filter>
    </ClCompile>
    <ClCompile Include="src\Doboz\Decompressor.cpp">
      <Filter>Source Files</Filter>
    </ClCompile>
    <ClCompile Include="src\Doboz\Dictionary.cpp">
      <Filter>Source Files</Filter>
    </ClCompile>
    <ClCompile Include="src\streamutil_impl.cpp">
      <Filter>Source Files</Filter>
    </ClCompile>
    <ClCompile Include="src\filesystem_impl.cpp">
      <Filter>Source Files</Filter>
    </ClCompile>
    <ClCompile Include="src\message_impl.cpp">
      <Filter>Source Files</Filter>
    </ClCompile>
    <ClCompile Include="src\expression.cpp">
      <Filter>Source Files</Filter>
    </ClCompile>
    <ClCompile Include="src\serializer_impl.cpp">
      <Filter>Source Files</Filter>
    </ClCompile>
    <ClCompile Include="src\logger_impl.cpp">
      <Filter>Source Files</Filter>
    </ClCompile>
    <ClCompile Include="src\console_impl.cpp">
      <Filter>Source Files</Filter>
    </ClCompile>
    <ClCompile Include="src\console_win32.cpp">
      <Filter>Source Files</Filter>
    </ClCompile>
    <ClCompile Include="src\NtHookEngine\NtHookEngine.cpp">
      <Filter>Source Files</Filter>
    </ClCompile>
    <ClCompile Include="src\AntTweakBar\LoadOGL.cpp">
      <Filter>Source Files</Filter>
    </ClCompile>
    <ClCompile Include="src\AntTweakBar\LoadOGLCore.cpp">
      <Filter>Source Files</Filter>
    </ClCompile>
    <ClCompile Include="src\AntTweakBar\TwBar.cpp">
      <Filter>Source Files</Filter>
    </ClCompile>
    <ClCompile Include="src\AntTweakBar\TwColors.cpp">
      <Filter>Source Files</Filter>
    </ClCompile>
    <ClCompile Include="src\AntTweakBar\TwDirect3D9.cpp">
      <Filter>Source Files</Filter>
    </ClCompile>
    <ClCompile Include="src\AntTweakBar\TwDirect3D10.cpp">
      <Filter>Source Files</Filter>
    </ClCompile>
    <ClCompile Include="src\AntTweakBar\TwDirect3D11.cpp">
      <Filter>Source Files</Filter>
    </ClCompile>
    <ClCompile Include="src\AntTweakBar\TwFonts.cpp">
      <Filter>Source Files</Filter>
    </ClCompile>
    <ClCompile Include="src\AntTweakBar\TwMgr.cpp">
      <Filter>Source Files</Filter>
    </ClCompile>
    <ClCompile Include="src\AntTweakBar\TwOpenGL.cpp">
      <Filter>Source Files</Filter>
    </ClCompile>
    <ClCompile Include="src\AntTweakBar\TwOpenGLCore.cpp">
      <Filter>Source Files</Filter>
    </ClCompile>
    <ClCompile Include="src\AntTweakBar\TwPrecomp.cpp">
      <Filter>Source Files</Filter>
    </ClCompile>
    <ClCompile Include="src\distorm\decoder.c">
      <Filter>Source Files</Filter>
    </ClCompile>
    <ClCompile Include="src\distorm\distorm.c">
      <Filter>Source Files</Filter>
    </ClCompile>
    <ClCompile Include="src\distorm\instructions.c">
      <Filter>Source Files</Filter>
    </ClCompile>
    <ClCompile Include="src\distorm\insts.c">
      <Filter>Source Files</Filter>
    </ClCompile>
    <ClCompile Include="src\distorm\operands.c">
      <Filter>Source Files</Filter>
    </ClCompile>
    <ClCompile Include="src\distorm\prefix.c">
      <Filter>Source Files</Filter>
    </ClCompile>
    <ClCompile Include="src\distorm\textdefs.c">
      <Filter>Source Files</Filter>
    </ClCompile>
    <ClCompile Include="src\distorm\wstring.c">
      <Filter>Source Files</Filter>
    </ClCompile>
    <ClCompile Include="src\distorm\x86defs.c">
      <Filter>Source Files</Filter>
    </ClCompile>
    <ClCompile Include="src\renderer\font.cpp">
      <Filter>Source Files</Filter>
    </ClCompile>
    <ClCompile Include="src\renderer\font_data.cpp">
      <Filter>Source Files</Filter>
    </ClCompile>
    <ClCompile Include="src\renderer\renderer.cpp">
      <Filter>Source Files</Filter>
    </ClCompile>
    <ClCompile Include="src\renderer\opengl_renderer.cpp">
      <Filter>Source Files</Filter>
    </ClCompile>
    <ClCompile Include="src\renderer\d3d9_renderer.cpp">
      <Filter>Source Files</Filter>
    </ClCompile>
  </ItemGroup>
  <ItemGroup>
    <ClInclude Include="include\gg\function.hpp">
      <Filter>Header Files</Filter>
    </ClInclude>
    <ClInclude Include="include\gg\streamutil.hpp">
      <Filter>Header Files</Filter>
    </ClInclude>
    <ClInclude Include="include\gg\timer.hpp">
      <Filter>Header Files</Filter>
    </ClInclude>
    <ClInclude Include="include\gg\var.hpp">
      <Filter>Header Files</Filter>
    </ClInclude>
    <ClInclude Include="src\stringutil.hpp">
      <Filter>Header Files</Filter>
    </ClInclude>
    <ClInclude Include="include\gg\filesystem.hpp">
      <Filter>Header Files</Filter>
    </ClInclude>
    <ClInclude Include="src\Doboz\Common.h">
      <Filter>Header Files</Filter>
    </ClInclude>
    <ClInclude Include="src\Doboz\Compressor.h">
      <Filter>Header Files</Filter>
    </ClInclude>
    <ClInclude Include="src\Doboz\Decompressor.h">
      <Filter>Header Files</Filter>
    </ClInclude>
    <ClInclude Include="src\Doboz\Dictionary.h">
      <Filter>Header Files</Filter>
    </ClInclude>
    <ClInclude Include="src\filesystem_impl.hpp">
      <Filter>Header Files</Filter>
    </ClInclude>
    <ClInclude Include="include\gg\logger.hpp">
      <Filter>Header Files</Filter>
    </ClInclude>
    <ClInclude Include="include\gg\fastmutex.hpp">
      <Filter>Header Files</Filter>
    </ClInclude>
    <ClInclude Include="include\gg\storage.hpp">
      <Filter>Header Files</Filter>
    </ClInclude>
    <ClInclude Include="src\message_impl.hpp">
      <Filter>Header Files</Filter>
    </ClInclude>
    <ClInclude Include="include\gg\message.hpp">
      <Filter>Header Files</Filter>
    </ClInclude>
    <ClInclude Include="src\expression.hpp">
      <Filter>Header Files</Filter>
    </ClInclude>
    <ClInclude Include="include\gg\serializer.hpp">
      <Filter>Header Files</Filter>
    </ClInclude>
    <ClInclude Include="src\serializer_impl.hpp">
      <Filter>Header Files</Filter>
    </ClInclude>
    <ClInclude Include="src\safebuffer.hpp">
      <Filter>Header Files</Filter>
    </ClInclude>
    <ClInclude Include="src\ieee754.hpp">
      <Filter>Header Files</Filter>
    </ClInclude>
    <ClInclude Include="src\logger_impl.hpp">
      <Filter>Header Files</Filter>
    </ClInclude>
    <ClInclude Include="include\gg\console.hpp">
      <Filter>Header Files</Filter>
    </ClInclude>
    <ClInclude Include="src\console_impl.hpp">
      <Filter>Header Files</Filter>
    </ClInclude>
    <ClInclude Include="src\buffer.hpp">
      <Filter>Header Files</Filter>
    </ClInclude>
    <ClInclude Include="src\AntTweakBar\AntTweakBar.h">
      <Filter>Header Files</Filter>
    </ClInclude>
    <ClInclude Include="src\AntTweakBar\AntPerfTimer.h">
      <Filter>Header Files</Filter>
    </ClInclude>
    <ClInclude Include="src\AntTweakBar\d3d10vs2003.h">
      <Filter>Header Files</Filter>
    </ClInclude>
    <ClInclude Include="src\AntTweakBar\LoadOGL.h">
      <Filter>Header Files</Filter>
    </ClInclude>
    <ClInclude Include="src\AntTweakBar\LoadOGLCore.h">
      <Filter>Header Files</Filter>
    </ClInclude>
    <ClInclude Include="src\AntTweakBar\TwBar.h">
      <Filter>Header Files</Filter>
    </ClInclude>
    <ClInclude Include="src\AntTweakBar\TwColors.h">
      <Filter>Header Files</Filter>
    </ClInclude>
    <ClInclude Include="src\AntTweakBar\TwDirect3D9.h">
      <Filter>Header Files</Filter>
    </ClInclude>
    <ClInclude Include="src\AntTweakBar\TwDirect3D10.h">
      <Filter>Header Files</Filter>
    </ClInclude>
    <ClInclude Include="src\AntTweakBar\TwDirect3D11.h">
      <Filter>Header Files</Filter>
    </ClInclude>
    <ClInclude Include="src\AntTweakBar\TwFonts.h">
      <Filter>Header Files</Filter>
    </ClInclude>
    <ClInclude Include="src\AntTweakBar\TwGraph.h">
      <Filter>Header Files</Filter>
    </ClInclude>
    <ClInclude Include="src\AntTweakBar\TwMgr.h">
      <Filter>Header Files</Filter>
    </ClInclude>
    <ClInclude Include="src\AntTweakBar\TwOpenGL.h">
      <Filter>Header Files</Filter>
    </ClInclude>
    <ClInclude Include="src\AntTweakBar\TwOpenGLCore.h">
      <Filter>Header Files</Filter>
    </ClInclude>
    <ClInclude Include="src\AntTweakBar\TwPrecomp.h">
      <Filter>Header Files</Filter>
    </ClInclude>
    <ClInclude Include="src\AntTweakBar\TwDirect3D11_LineRectCstColorVS.h">
      <Filter>Header Files</Filter>
    </ClInclude>
    <ClInclude Include="src\AntTweakBar\TwDirect3D11_LineRectPS.h">
      <Filter>Header Files</Filter>
    </ClInclude>
    <ClInclude Include="src\AntTweakBar\TwDirect3D11_LineRectVS.h">
      <Filter>Header Files</Filter>
    </ClInclude>
    <ClInclude Include="src\AntTweakBar\TwDirect3D11_TextCstColorVS.h">
      <Filter>Header Files</Filter>
    </ClInclude>
    <ClInclude Include="src\AntTweakBar\TwDirect3D11_TextPS.h">
      <Filter>Header Files</Filter>
    </ClInclude>
    <ClInclude Include="src\AntTweakBar\TwDirect3D11_TextVS.h">
      <Filter>Header Files</Filter>
    </ClInclude>
    <ClInclude Include="src\NtHookEngine\NtHookEngine.hpp">
      <Filter>Header Files</Filter>
    </ClInclude>
    <ClInclude Include="include\gg\config.hpp">
      <Filter>Header Files</Filter>
    </ClInclude>
    <ClInclude Include="src\distorm\config.h">
      <Filter>Header Files</Filter>
    </ClInclude>
    <ClInclude Include="src\distorm\decoder.h">
      <Filter>Header Files</Filter>
    </ClInclude>
    <ClInclude Include="src\distorm\distorm.h">
      <Filter>Header Files</Filter>
    </ClInclude>
    <ClInclude Include="src\distorm\instructions.h">
      <Filter>Header Files</Filter>
    </ClInclude>
    <ClInclude Include="src\distorm\insts.h">
      <Filter>Header Files</Filter>
    </ClInclude>
    <ClInclude Include="src\distorm\operands.h">
      <Filter>Header Files</Filter>
    </ClInclude>
    <ClInclude Include="src\distorm\prefix.h">
      <Filter>Header Files</Filter>
    </ClInclude>
    <ClInclude Include="src\distorm\textdefs.h">
      <Filter>Header Files</Filter>
    </ClInclude>
    <ClInclude Include="src\distorm\wstring.h">
      <Filter>Header Files</Filter>
    </ClInclude>
    <ClInclude Include="src\distorm\x86defs.h">
      <Filter>Header Files</Filter>
    </ClInclude>
    <ClInclude Include="src\renderer\renderer.hpp">
      <Filter>Header Files</Filter>
    </ClInclude>
    <ClInclude Include="src\renderer\font.hpp">
      <Filter>Header Files</Filter>
    </ClInclude>
    <ClInclude Include="src\renderer\opengl_renderer.hpp">
      <Filter>Header Files</Filter>
    </ClInclude>
    <ClInclude Include="src\renderer\d3d9_renderer.hpp">
      <Filter>Header Files</Filter>
    </ClInclude>
  </ItemGroup>
</Project>