
Microsoft Visual Studio Solution File, Format Version 12.00
# Visual Studio Express 2013 for Windows Desktop
VisualStudioVersion = 12.0.30110.0
MinimumVisualStudioVersion = 10.0.40219.1
Project("{8BC9CEB8-8B4A-11D0-8D11-00A0C91BC942}") = "gglib", "gglib.vcxproj", "{1A069F5F-7A61-48E9-9F52-150E520D7A44}"
EndProject
Project("{8BC9CEB8-8B4A-11D0-8D11-00A0C91BC942}") = "packer", "packer.vcxproj", "{B445BD89-D145-409A-8104-EDA7CA3579A5}"
EndProject
Global
	GlobalSection(SolutionConfigurationPlatforms) = preSolution
		Debug|Win32 = Debug|Win32
		Release|Win32 = Release|Win32
		StaticLib Debug|Win32 = StaticLib Debug|Win32
		StaticLib Release|Win32 = StaticLib Release|Win32
	EndGlobalSection
	GlobalSection(ProjectConfigurationPlatforms) = postSolution
		{1A069F5F-7A61-48E9-9F52-150E520D7A44}.Debug|Win32.ActiveCfg = Debug|Win32
		{1A069F5F-7A61-48E9-9F52-150E520D7A44}.Debug|Win32.Build.0 = Debug|Win32
		{1A069F5F-7A61-48E9-9F52-150E520D7A44}.Release|Win32.ActiveCfg = Release|Win32
		{1A069F5F-7A61-48E9-9F52-150E520D7A44}.Release|Win32.Build.0 = Release|Win32
		{1A069F5F-7A61-48E9-9F52-150E520D7A44}.StaticLib Debug|Win32.ActiveCfg = StaticLib Debug|Win32
		{1A069F5F-7A61-48E9-9F52-150E520D7A44}.StaticLib Debug|Win32.Build.0 = StaticLib Debug|Win32
		{1A069F5F-7A61-48E9-9F52-150E520D7A44}.StaticLib Release|Win32.ActiveCfg = StaticLib Release|Win32
		{1A069F5F-7A61-48E9-9F52-150E520D7A44}.StaticLib Release|Win32.Build.0 = StaticLib Release|Win32
		{B445BD89-D145-409A-8104-EDA7CA3579A5}.Debug|Win32.ActiveCfg = Debug|Win32
		{B445BD89-D145-409A-8104-EDA7CA3579A5}.Debug|Win32.Build.0 = Debug|Win32
		{B445BD89-D145-409A-8104-EDA7CA3579A5}.Release|Win32.ActiveCfg = Release|Win32
		{B445BD89-D145-409A-8104-EDA7CA3579A5}.Release|Win32.Build.0 = Release|Win32
		{B445BD89-D145-409A-8104-EDA7CA3579A5}.StaticLib Debug|Win32.ActiveCfg = StaticLib Debug|Win32
		{B445BD89-D145-409A-8104-EDA7CA3579A5}.StaticLib Release|Win32.ActiveCfg = StaticLib Release|Win32
	EndGlobalSection
	GlobalSection(SolutionProperties) = preSolution
		HideSolutionNode = FALSE
	EndGlobalSection
EndGlobal
